
Microsoft Visual Studio Solution File, Format Version 12.00
# Visual Studio Version 16
VisualStudioVersion = 16.0.29926.136
MinimumVisualStudioVersion = 10.0.40219.1
Project("{FAE04EC0-301F-11D3-BF4B-00C04F79EFBC}") = "Othello", "Othello\Othello.csproj", "{5562D3AC-D5CC-47F9-B911-13D682F2BCBC}"
EndProject
Project("{FAE04EC0-301F-11D3-BF4B-00C04F79EFBC}") = "OthelloClient", "OthelloClient\OthelloClient.csproj", "{A034CFF4-AD8C-4655-9D49-828C49F2CBDE}"
EndProject
Project("{FAE04EC0-301F-11D3-BF4B-00C04F79EFBC}") = "UnitTest", "UnitTest\UnitTest.csproj", "{EE684311-865D-49AD-A557-8C7236A0D8D5}"
EndProject
Global
	GlobalSection(SolutionConfigurationPlatforms) = preSolution
		Debug|Any CPU = Debug|Any CPU
		Release|Any CPU = Release|Any CPU
	EndGlobalSection
	GlobalSection(ProjectConfigurationPlatforms) = postSolution
		{5562D3AC-D5CC-47F9-B911-13D682F2BCBC}.Debug|Any CPU.ActiveCfg = Debug|Any CPU
		{5562D3AC-D5CC-47F9-B911-13D682F2BCBC}.Debug|Any CPU.Build.0 = Debug|Any CPU
		{5562D3AC-D5CC-47F9-B911-13D682F2BCBC}.Release|Any CPU.ActiveCfg = Release|Any CPU
		{5562D3AC-D5CC-47F9-B911-13D682F2BCBC}.Release|Any CPU.Build.0 = Release|Any CPU
		{A034CFF4-AD8C-4655-9D49-828C49F2CBDE}.Debug|Any CPU.ActiveCfg = Debug|Any CPU
		{A034CFF4-AD8C-4655-9D49-828C49F2CBDE}.Debug|Any CPU.Build.0 = Debug|Any CPU
		{A034CFF4-AD8C-4655-9D49-828C49F2CBDE}.Release|Any CPU.ActiveCfg = Release|Any CPU
		{A034CFF4-AD8C-4655-9D49-828C49F2CBDE}.Release|Any CPU.Build.0 = Release|Any CPU
		{EE684311-865D-49AD-A557-8C7236A0D8D5}.Debug|Any CPU.ActiveCfg = Debug|Any CPU
		{EE684311-865D-49AD-A557-8C7236A0D8D5}.Debug|Any CPU.Build.0 = Debug|Any CPU
		{EE684311-865D-49AD-A557-8C7236A0D8D5}.Release|Any CPU.ActiveCfg = Release|Any CPU
		{EE684311-865D-49AD-A557-8C7236A0D8D5}.Release|Any CPU.Build.0 = Release|Any CPU
	EndGlobalSection
	GlobalSection(SolutionProperties) = preSolution
		HideSolutionNode = FALSE
	EndGlobalSection
	GlobalSection(ExtensibilityGlobals) = postSolution
		SolutionGuid = {F04FA120-9BBE-4067-99E9-44F657EE4418}
	EndGlobalSection
EndGlobal
